// !$*UTF8*$!
{
	archiveVersion = 1;
	classes = {
	};
	objectVersion = 56;
	objects = {

/* Begin PBXBuildFile section */
		D030C55129E6B6EF0045AE8A /* MessagesExtension.swift in Sources */ = {isa = PBXBuildFile; fileRef = D030C55029E6B6EF0045AE8A /* MessagesExtension.swift */; };
		D030C55329E6B7AD0045AE8A /* MessagesVM.swift in Sources */ = {isa = PBXBuildFile; fileRef = D030C55229E6B7AD0045AE8A /* MessagesVM.swift */; };
		D030C55529E6CB880045AE8A /* SettingsVC.swift in Sources */ = {isa = PBXBuildFile; fileRef = D030C55429E6CB880045AE8A /* SettingsVC.swift */; };
		D032DD1429E5A48D003FF9E8 /* FriendCell.swift in Sources */ = {isa = PBXBuildFile; fileRef = D032DD1229E5A48D003FF9E8 /* FriendCell.swift */; };
		D032DD1529E5A48D003FF9E8 /* FriendCell.xib in Resources */ = {isa = PBXBuildFile; fileRef = D032DD1329E5A48D003FF9E8 /* FriendCell.xib */; };
		D032DD1829E5AA57003FF9E8 /* Kingfisher in Frameworks */ = {isa = PBXBuildFile; productRef = D032DD1729E5AA57003FF9E8 /* Kingfisher */; };
		D032DD1A29E5E206003FF9E8 /* Network.swift in Sources */ = {isa = PBXBuildFile; fileRef = D032DD1929E5E206003FF9E8 /* Network.swift */; };
		D032DD1C29E5E6C9003FF9E8 /* RtmTokenModel.swift in Sources */ = {isa = PBXBuildFile; fileRef = D032DD1B29E5E6C9003FF9E8 /* RtmTokenModel.swift */; };
		D032DD1E29E5E6D7003FF9E8 /* RtcTokenModel.swift in Sources */ = {isa = PBXBuildFile; fileRef = D032DD1D29E5E6D7003FF9E8 /* RtcTokenModel.swift */; };
		D0751ADF29E4267200308E45 /* AppDelegate.swift in Sources */ = {isa = PBXBuildFile; fileRef = D0751ADE29E4267200308E45 /* AppDelegate.swift */; };
		D0751AE129E4267200308E45 /* SceneDelegate.swift in Sources */ = {isa = PBXBuildFile; fileRef = D0751AE029E4267200308E45 /* SceneDelegate.swift */; };
		D0751AE329E4267200308E45 /* CallScreenVC.swift in Sources */ = {isa = PBXBuildFile; fileRef = D0751AE229E4267200308E45 /* CallScreenVC.swift */; };
		D0751AE829E4267700308E45 /* Assets.xcassets in Resources */ = {isa = PBXBuildFile; fileRef = D0751AE729E4267700308E45 /* Assets.xcassets */; };
		D0751AEB29E4267700308E45 /* LaunchScreen.storyboard in Resources */ = {isa = PBXBuildFile; fileRef = D0751AE929E4267700308E45 /* LaunchScreen.storyboard */; };
		D0751AF429E4290900308E45 /* AIAEC in Frameworks */ = {isa = PBXBuildFile; productRef = D0751AF329E4290900308E45 /* AIAEC */; };
		D0751AF629E4290900308E45 /* AINS in Frameworks */ = {isa = PBXBuildFile; productRef = D0751AF529E4290900308E45 /* AINS */; };
		D0751AF829E4290900308E45 /* AudioBeauty in Frameworks */ = {isa = PBXBuildFile; productRef = D0751AF729E4290900308E45 /* AudioBeauty */; };
		D0751AFA29E4290900308E45 /* DRM in Frameworks */ = {isa = PBXBuildFile; productRef = D0751AF929E4290900308E45 /* DRM */; };
		D0751AFC29E4290900308E45 /* RtcBasic in Frameworks */ = {isa = PBXBuildFile; productRef = D0751AFB29E4290900308E45 /* RtcBasic */; };
		D0751AFE29E4290900308E45 /* SpatialAudio in Frameworks */ = {isa = PBXBuildFile; productRef = D0751AFD29E4290900308E45 /* SpatialAudio */; };
		D0751B0029E42ACD00308E45 /* Constants.swift in Sources */ = {isa = PBXBuildFile; fileRef = D0751AFF29E42ACD00308E45 /* Constants.swift */; };
		D0751B0929E42E8100308E45 /* CallScreenExtension.swift in Sources */ = {isa = PBXBuildFile; fileRef = D0751B0829E42E8100308E45 /* CallScreenExtension.swift */; };
		D0751B0B29E42ECB00308E45 /* General.swift in Sources */ = {isa = PBXBuildFile; fileRef = D0751B0A29E42ECB00308E45 /* General.swift */; };
		D0751B0D29E42FA600308E45 /* CallScreenVM.swift in Sources */ = {isa = PBXBuildFile; fileRef = D0751B0C29E42FA600308E45 /* CallScreenVM.swift */; };
		D0751B1029E450EA00308E45 /* TabBar.swift in Sources */ = {isa = PBXBuildFile; fileRef = D0751B0F29E450EA00308E45 /* TabBar.swift */; };
		D0751B1229E4518E00308E45 /* MessagesVC.swift in Sources */ = {isa = PBXBuildFile; fileRef = D0751B1129E4518E00308E45 /* MessagesVC.swift */; };
		D0751B1529E4CDC300308E45 /* AgoraChat in Frameworks */ = {isa = PBXBuildFile; productRef = D0751B1429E4CDC300308E45 /* AgoraChat */; };
		D0751B1729E4CF9100308E45 /* ChatVC.xib in Resources */ = {isa = PBXBuildFile; fileRef = D0751B1629E4CF9100308E45 /* ChatVC.xib */; };
		D0798DBD29E638BF0033ADD3 /* FirebaseAuth in Frameworks */ = {isa = PBXBuildFile; productRef = D0798DBC29E638BF0033ADD3 /* FirebaseAuth */; };
		D0798DBF29E638BF0033ADD3 /* FirebaseFirestore in Frameworks */ = {isa = PBXBuildFile; productRef = D0798DBE29E638BF0033ADD3 /* FirebaseFirestore */; };
		D0798DC129E638BF0033ADD3 /* FirebaseStorage in Frameworks */ = {isa = PBXBuildFile; productRef = D0798DC029E638BF0033ADD3 /* FirebaseStorage */; };
		D0F140B629E56741008C6BF8 /* GoogleService-Info.plist in Resources */ = {isa = PBXBuildFile; fileRef = D0F140B529E56741008C6BF8 /* GoogleService-Info.plist */; };
		D0F140B829E567BA008C6BF8 /* SignInVC.swift in Sources */ = {isa = PBXBuildFile; fileRef = D0F140B729E567BA008C6BF8 /* SignInVC.swift */; };
		D0F140BC29E56863008C6BF8 /* DB.swift in Sources */ = {isa = PBXBuildFile; fileRef = D0F140BB29E56863008C6BF8 /* DB.swift */; };
		D0F140BE29E56B30008C6BF8 /* AuthVM.swift in Sources */ = {isa = PBXBuildFile; fileRef = D0F140BD29E56B30008C6BF8 /* AuthVM.swift */; };
		D0F140C129E576E2008C6BF8 /* JGProgressHUD in Frameworks */ = {isa = PBXBuildFile; productRef = D0F140C029E576E2008C6BF8 /* JGProgressHUD */; };
		D0F140C329E57815008C6BF8 /* SignInVCExtension.swift in Sources */ = {isa = PBXBuildFile; fileRef = D0F140C229E57815008C6BF8 /* SignInVCExtension.swift */; };
		D0F140C529E57947008C6BF8 /* Friend.swift in Sources */ = {isa = PBXBuildFile; fileRef = D0F140C429E57947008C6BF8 /* Friend.swift */; };
/* End PBXBuildFile section */

/* Begin PBXFileReference section */
		D030C55029E6B6EF0045AE8A /* MessagesExtension.swift */ = {isa = PBXFileReference; lastKnownFileType = sourcecode.swift; path = MessagesExtension.swift; sourceTree = "<group>"; };
		D030C55229E6B7AD0045AE8A /* MessagesVM.swift */ = {isa = PBXFileReference; lastKnownFileType = sourcecode.swift; path = MessagesVM.swift; sourceTree = "<group>"; };
		D030C55429E6CB880045AE8A /* SettingsVC.swift */ = {isa = PBXFileReference; lastKnownFileType = sourcecode.swift; path = SettingsVC.swift; sourceTree = "<group>"; };
		D032DD1229E5A48D003FF9E8 /* FriendCell.swift */ = {isa = PBXFileReference; lastKnownFileType = sourcecode.swift; path = FriendCell.swift; sourceTree = "<group>"; };
		D032DD1329E5A48D003FF9E8 /* FriendCell.xib */ = {isa = PBXFileReference; lastKnownFileType = file.xib; path = FriendCell.xib; sourceTree = "<group>"; };
		D032DD1929E5E206003FF9E8 /* Network.swift */ = {isa = PBXFileReference; lastKnownFileType = sourcecode.swift; path = Network.swift; sourceTree = "<group>"; };
		D032DD1B29E5E6C9003FF9E8 /* RtmTokenModel.swift */ = {isa = PBXFileReference; lastKnownFileType = sourcecode.swift; path = RtmTokenModel.swift; sourceTree = "<group>"; };
		D032DD1D29E5E6D7003FF9E8 /* RtcTokenModel.swift */ = {isa = PBXFileReference; lastKnownFileType = sourcecode.swift; path = RtcTokenModel.swift; sourceTree = "<group>"; };
		D0751ADB29E4267200308E45 /* Articula Inc Task.app */ = {isa = PBXFileReference; explicitFileType = wrapper.application; includeInIndex = 0; path = "Articula Inc Task.app"; sourceTree = BUILT_PRODUCTS_DIR; };
		D0751ADE29E4267200308E45 /* AppDelegate.swift */ = {isa = PBXFileReference; lastKnownFileType = sourcecode.swift; path = AppDelegate.swift; sourceTree = "<group>"; };
		D0751AE029E4267200308E45 /* SceneDelegate.swift */ = {isa = PBXFileReference; lastKnownFileType = sourcecode.swift; path = SceneDelegate.swift; sourceTree = "<group>"; };
		D0751AE229E4267200308E45 /* CallScreenVC.swift */ = {isa = PBXFileReference; lastKnownFileType = sourcecode.swift; path = CallScreenVC.swift; sourceTree = "<group>"; };
		D0751AE729E4267700308E45 /* Assets.xcassets */ = {isa = PBXFileReference; lastKnownFileType = folder.assetcatalog; path = Assets.xcassets; sourceTree = "<group>"; };
		D0751AEA29E4267700308E45 /* Base */ = {isa = PBXFileReference; lastKnownFileType = file.storyboard; name = Base; path = Base.lproj/LaunchScreen.storyboard; sourceTree = "<group>"; };
		D0751AEC29E4267700308E45 /* Info.plist */ = {isa = PBXFileReference; lastKnownFileType = text.plist.xml; path = Info.plist; sourceTree = "<group>"; };
		D0751AFF29E42ACD00308E45 /* Constants.swift */ = {isa = PBXFileReference; lastKnownFileType = sourcecode.swift; path = Constants.swift; sourceTree = "<group>"; };
		D0751B0829E42E8100308E45 /* CallScreenExtension.swift */ = {isa = PBXFileReference; lastKnownFileType = sourcecode.swift; path = CallScreenExtension.swift; sourceTree = "<group>"; };
		D0751B0A29E42ECB00308E45 /* General.swift */ = {isa = PBXFileReference; lastKnownFileType = sourcecode.swift; path = General.swift; sourceTree = "<group>"; };
		D0751B0C29E42FA600308E45 /* CallScreenVM.swift */ = {isa = PBXFileReference; lastKnownFileType = sourcecode.swift; path = CallScreenVM.swift; sourceTree = "<group>"; };
		D0751B0F29E450EA00308E45 /* TabBar.swift */ = {isa = PBXFileReference; lastKnownFileType = sourcecode.swift; path = TabBar.swift; sourceTree = "<group>"; };
		D0751B1129E4518E00308E45 /* MessagesVC.swift */ = {isa = PBXFileReference; lastKnownFileType = sourcecode.swift; path = MessagesVC.swift; sourceTree = "<group>"; };
		D0751B1629E4CF9100308E45 /* ChatVC.xib */ = {isa = PBXFileReference; lastKnownFileType = file.xib; path = ChatVC.xib; sourceTree = "<group>"; };
		D0F140B529E56741008C6BF8 /* GoogleService-Info.plist */ = {isa = PBXFileReference; fileEncoding = 4; lastKnownFileType = text.plist.xml; path = "GoogleService-Info.plist"; sourceTree = "<group>"; };
		D0F140B729E567BA008C6BF8 /* SignInVC.swift */ = {isa = PBXFileReference; lastKnownFileType = sourcecode.swift; path = SignInVC.swift; sourceTree = "<group>"; };
		D0F140BB29E56863008C6BF8 /* DB.swift */ = {isa = PBXFileReference; lastKnownFileType = sourcecode.swift; path = DB.swift; sourceTree = "<group>"; };
		D0F140BD29E56B30008C6BF8 /* AuthVM.swift */ = {isa = PBXFileReference; lastKnownFileType = sourcecode.swift; path = AuthVM.swift; sourceTree = "<group>"; };
		D0F140C229E57815008C6BF8 /* SignInVCExtension.swift */ = {isa = PBXFileReference; lastKnownFileType = sourcecode.swift; path = SignInVCExtension.swift; sourceTree = "<group>"; };
		D0F140C429E57947008C6BF8 /* Friend.swift */ = {isa = PBXFileReference; lastKnownFileType = sourcecode.swift; path = Friend.swift; sourceTree = "<group>"; };
/* End PBXFileReference section */

/* Begin PBXFrameworksBuildPhase section */
		D0751AD829E4267200308E45 /* Frameworks */ = {
			isa = PBXFrameworksBuildPhase;
			buildActionMask = 2147483647;
			files = (
				D0751AFE29E4290900308E45 /* SpatialAudio in Frameworks */,
				D0798DBD29E638BF0033ADD3 /* FirebaseAuth in Frameworks */,
				D0751AF829E4290900308E45 /* AudioBeauty in Frameworks */,
				D0751AF429E4290900308E45 /* AIAEC in Frameworks */,
				D0751AFA29E4290900308E45 /* DRM in Frameworks */,
				D0798DC129E638BF0033ADD3 /* FirebaseStorage in Frameworks */,
				D032DD1829E5AA57003FF9E8 /* Kingfisher in Frameworks */,
				D0751AF629E4290900308E45 /* AINS in Frameworks */,
				D0751AFC29E4290900308E45 /* RtcBasic in Frameworks */,
				D0751B1529E4CDC300308E45 /* AgoraChat in Frameworks */,
				D0798DBF29E638BF0033ADD3 /* FirebaseFirestore in Frameworks */,
				D0F140C129E576E2008C6BF8 /* JGProgressHUD in Frameworks */,
			);
			runOnlyForDeploymentPostprocessing = 0;
		};
/* End PBXFrameworksBuildPhase section */

/* Begin PBXGroup section */
		D0751AD229E4267100308E45 = {
			isa = PBXGroup;
			children = (
				D0751ADD29E4267200308E45 /* Articula Inc Task */,
				D0751ADC29E4267200308E45 /* Products */,
			);
			sourceTree = "<group>";
		};
		D0751ADC29E4267200308E45 /* Products */ = {
			isa = PBXGroup;
			children = (
				D0751ADB29E4267200308E45 /* Articula Inc Task.app */,
			);
			name = Products;
			sourceTree = "<group>";
		};
		D0751ADD29E4267200308E45 /* Articula Inc Task */ = {
			isa = PBXGroup;
			children = (
				D0751B0629E42E6600308E45 /* Extensions */,
				D0751B0529E42C2E00308E45 /* Support */,
				D0751B0429E42C2500308E45 /* Models */,
				D0751B0329E42C1C00308E45 /* ViewModels */,
				D0751B0229E42C1600308E45 /* Views */,
				D0751B0129E42C0A00308E45 /* Controllers */,
				D0751AEC29E4267700308E45 /* Info.plist */,
			);
			path = "Articula Inc Task";
			sourceTree = "<group>";
		};
		D0751B0129E42C0A00308E45 /* Controllers */ = {
			isa = PBXGroup;
			children = (
				D0751B0E29E450C100308E45 /* Core */,
			);
			path = Controllers;
			sourceTree = "<group>";
		};
		D0751B0229E42C1600308E45 /* Views */ = {
			isa = PBXGroup;
			children = (
				D0751AE929E4267700308E45 /* LaunchScreen.storyboard */,
				D0751B1629E4CF9100308E45 /* ChatVC.xib */,
				D032DD1229E5A48D003FF9E8 /* FriendCell.swift */,
				D032DD1329E5A48D003FF9E8 /* FriendCell.xib */,
			);
			path = Views;
			sourceTree = "<group>";
		};
		D0751B0329E42C1C00308E45 /* ViewModels */ = {
			isa = PBXGroup;
			children = (
				D0751B0C29E42FA600308E45 /* CallScreenVM.swift */,
				D0F140BB29E56863008C6BF8 /* DB.swift */,
				D0F140BD29E56B30008C6BF8 /* AuthVM.swift */,
				D032DD1929E5E206003FF9E8 /* Network.swift */,
				D030C55229E6B7AD0045AE8A /* MessagesVM.swift */,
			);
			path = ViewModels;
			sourceTree = "<group>";
		};
		D0751B0429E42C2500308E45 /* Models */ = {
			isa = PBXGroup;
			children = (
				D0F140C429E57947008C6BF8 /* Friend.swift */,
				D032DD1B29E5E6C9003FF9E8 /* RtmTokenModel.swift */,
				D032DD1D29E5E6D7003FF9E8 /* RtcTokenModel.swift */,
			);
			path = Models;
			sourceTree = "<group>";
		};
		D0751B0529E42C2E00308E45 /* Support */ = {
			isa = PBXGroup;
			children = (
				D0F140B529E56741008C6BF8 /* GoogleService-Info.plist */,
				D0751AE729E4267700308E45 /* Assets.xcassets */,
				D0751AFF29E42ACD00308E45 /* Constants.swift */,
				D0751AE029E4267200308E45 /* SceneDelegate.swift */,
				D0751ADE29E4267200308E45 /* AppDelegate.swift */,
			);
			path = Support;
			sourceTree = "<group>";
		};
		D0751B0629E42E6600308E45 /* Extensions */ = {
			isa = PBXGroup;
			children = (
				D0751B0729E42E7100308E45 /* ViewController */,
				D0751B0A29E42ECB00308E45 /* General.swift */,
			);
			path = Extensions;
			sourceTree = "<group>";
		};
		D0751B0729E42E7100308E45 /* ViewController */ = {
			isa = PBXGroup;
			children = (
				D0751B0829E42E8100308E45 /* CallScreenExtension.swift */,
				D0F140C229E57815008C6BF8 /* SignInVCExtension.swift */,
				D030C55029E6B6EF0045AE8A /* MessagesExtension.swift */,
			);
			path = ViewController;
			sourceTree = "<group>";
		};
		D0751B0E29E450C100308E45 /* Core */ = {
			isa = PBXGroup;
			children = (
				D0751B0F29E450EA00308E45 /* TabBar.swift */,
				D0751AE229E4267200308E45 /* CallScreenVC.swift */,
				D0751B1129E4518E00308E45 /* MessagesVC.swift */,
				D0F140B729E567BA008C6BF8 /* SignInVC.swift */,
				D030C55429E6CB880045AE8A /* SettingsVC.swift */,
			);
			path = Core;
			sourceTree = "<group>";
		};
/* End PBXGroup section */

/* Begin PBXNativeTarget section */
		D0751ADA29E4267200308E45 /* Articula Inc Task */ = {
			isa = PBXNativeTarget;
			buildConfigurationList = D0751AEF29E4267700308E45 /* Build configuration list for PBXNativeTarget "Articula Inc Task" */;
			buildPhases = (
				D0751AD729E4267200308E45 /* Sources */,
				D0751AD829E4267200308E45 /* Frameworks */,
				D0751AD929E4267200308E45 /* Resources */,
			);
			buildRules = (
			);
			dependencies = (
			);
			name = "Articula Inc Task";
			packageProductDependencies = (
				D0751AF329E4290900308E45 /* AIAEC */,
				D0751AF529E4290900308E45 /* AINS */,
				D0751AF729E4290900308E45 /* AudioBeauty */,
				D0751AF929E4290900308E45 /* DRM */,
				D0751AFB29E4290900308E45 /* RtcBasic */,
				D0751AFD29E4290900308E45 /* SpatialAudio */,
				D0751B1429E4CDC300308E45 /* AgoraChat */,
				D0F140C029E576E2008C6BF8 /* JGProgressHUD */,
				D032DD1729E5AA57003FF9E8 /* Kingfisher */,
				D0798DBC29E638BF0033ADD3 /* FirebaseAuth */,
				D0798DBE29E638BF0033ADD3 /* FirebaseFirestore */,
				D0798DC029E638BF0033ADD3 /* FirebaseStorage */,
			);
			productName = "Articula Inc Task";
			productReference = D0751ADB29E4267200308E45 /* Articula Inc Task.app */;
			productType = "com.apple.product-type.application";
		};
/* End PBXNativeTarget section */

/* Begin PBXProject section */
		D0751AD329E4267100308E45 /* Project object */ = {
			isa = PBXProject;
			attributes = {
				BuildIndependentTargetsInParallel = 1;
				LastSwiftUpdateCheck = 1420;
				LastUpgradeCheck = 1420;
				TargetAttributes = {
					D0751ADA29E4267200308E45 = {
						CreatedOnToolsVersion = 14.2;
					};
				};
			};
			buildConfigurationList = D0751AD629E4267100308E45 /* Build configuration list for PBXProject "Articula Inc Task" */;
			compatibilityVersion = "Xcode 14.0";
			developmentRegion = en;
			hasScannedForEncodings = 0;
			knownRegions = (
				en,
				Base,
			);
			mainGroup = D0751AD229E4267100308E45;
			packageReferences = (
				D0751AF229E4290900308E45 /* XCRemoteSwiftPackageReference "AgoraAudio_iOS" */,
				D0751B1329E4CDC300308E45 /* XCRemoteSwiftPackageReference "AgoraChat_iOS" */,
				D0F140BF29E576E2008C6BF8 /* XCRemoteSwiftPackageReference "JGProgressHUD" */,
				D032DD1629E5AA57003FF9E8 /* XCRemoteSwiftPackageReference "Kingfisher" */,
				D0798DBB29E638BF0033ADD3 /* XCRemoteSwiftPackageReference "firebase-ios-sdk" */,
			);
			productRefGroup = D0751ADC29E4267200308E45 /* Products */;
			projectDirPath = "";
			projectRoot = "";
			targets = (
				D0751ADA29E4267200308E45 /* Articula Inc Task */,
			);
		};
/* End PBXProject section */

/* Begin PBXResourcesBuildPhase section */
		D0751AD929E4267200308E45 /* Resources */ = {
			isa = PBXResourcesBuildPhase;
			buildActionMask = 2147483647;
			files = (
				D032DD1529E5A48D003FF9E8 /* FriendCell.xib in Resources */,
				D0751AEB29E4267700308E45 /* LaunchScreen.storyboard in Resources */,
				D0F140B629E56741008C6BF8 /* GoogleService-Info.plist in Resources */,
				D0751B1729E4CF9100308E45 /* ChatVC.xib in Resources */,
				D0751AE829E4267700308E45 /* Assets.xcassets in Resources */,
			);
			runOnlyForDeploymentPostprocessing = 0;
		};
/* End PBXResourcesBuildPhase section */

/* Begin PBXSourcesBuildPhase section */
		D0751AD729E4267200308E45 /* Sources */ = {
			isa = PBXSourcesBuildPhase;
			buildActionMask = 2147483647;
			files = (
				D0F140BE29E56B30008C6BF8 /* AuthVM.swift in Sources */,
				D0F140C529E57947008C6BF8 /* Friend.swift in Sources */,
				D030C55329E6B7AD0045AE8A /* MessagesVM.swift in Sources */,
				D032DD1A29E5E206003FF9E8 /* Network.swift in Sources */,
				D0751B0B29E42ECB00308E45 /* General.swift in Sources */,
				D030C55129E6B6EF0045AE8A /* MessagesExtension.swift in Sources */,
				D0F140BC29E56863008C6BF8 /* DB.swift in Sources */,
				D032DD1E29E5E6D7003FF9E8 /* RtcTokenModel.swift in Sources */,
				D032DD1429E5A48D003FF9E8 /* FriendCell.swift in Sources */,
				D0751B0929E42E8100308E45 /* CallScreenExtension.swift in Sources */,
				D0751AE329E4267200308E45 /* CallScreenVC.swift in Sources */,
				D0751B1029E450EA00308E45 /* TabBar.swift in Sources */,
				D0F140C329E57815008C6BF8 /* SignInVCExtension.swift in Sources */,
				D032DD1C29E5E6C9003FF9E8 /* RtmTokenModel.swift in Sources */,
				D0F140B829E567BA008C6BF8 /* SignInVC.swift in Sources */,
				D0751B1229E4518E00308E45 /* MessagesVC.swift in Sources */,
				D0751ADF29E4267200308E45 /* AppDelegate.swift in Sources */,
				D0751AE129E4267200308E45 /* SceneDelegate.swift in Sources */,
				D0751B0029E42ACD00308E45 /* Constants.swift in Sources */,
				D0751B0D29E42FA600308E45 /* CallScreenVM.swift in Sources */,
				D030C55529E6CB880045AE8A /* SettingsVC.swift in Sources */,
			);
			runOnlyForDeploymentPostprocessing = 0;
		};
/* End PBXSourcesBuildPhase section */

/* Begin PBXVariantGroup section */
		D0751AE929E4267700308E45 /* LaunchScreen.storyboard */ = {
			isa = PBXVariantGroup;
			children = (
				D0751AEA29E4267700308E45 /* Base */,
			);
			name = LaunchScreen.storyboard;
			sourceTree = "<group>";
		};
/* End PBXVariantGroup section */

/* Begin XCBuildConfiguration section */
		D0751AED29E4267700308E45 /* Debug */ = {
			isa = XCBuildConfiguration;
			buildSettings = {
				ALWAYS_SEARCH_USER_PATHS = NO;
				CLANG_ANALYZER_NONNULL = YES;
				CLANG_ANALYZER_NUMBER_OBJECT_CONVERSION = YES_AGGRESSIVE;
				CLANG_CXX_LANGUAGE_STANDARD = "gnu++20";
				CLANG_ENABLE_MODULES = YES;
				CLANG_ENABLE_OBJC_ARC = YES;
				CLANG_ENABLE_OBJC_WEAK = YES;
				CLANG_WARN_BLOCK_CAPTURE_AUTORELEASING = YES;
				CLANG_WARN_BOOL_CONVERSION = YES;
				CLANG_WARN_COMMA = YES;
				CLANG_WARN_CONSTANT_CONVERSION = YES;
				CLANG_WARN_DEPRECATED_OBJC_IMPLEMENTATIONS = YES;
				CLANG_WARN_DIRECT_OBJC_ISA_USAGE = YES_ERROR;
				CLANG_WARN_DOCUMENTATION_COMMENTS = YES;
				CLANG_WARN_EMPTY_BODY = YES;
				CLANG_WARN_ENUM_CONVERSION = YES;
				CLANG_WARN_INFINITE_RECURSION = YES;
				CLANG_WARN_INT_CONVERSION = YES;
				CLANG_WARN_NON_LITERAL_NULL_CONVERSION = YES;
				CLANG_WARN_OBJC_IMPLICIT_RETAIN_SELF = YES;
				CLANG_WARN_OBJC_LITERAL_CONVERSION = YES;
				CLANG_WARN_OBJC_ROOT_CLASS = YES_ERROR;
				CLANG_WARN_QUOTED_INCLUDE_IN_FRAMEWORK_HEADER = YES;
				CLANG_WARN_RANGE_LOOP_ANALYSIS = YES;
				CLANG_WARN_STRICT_PROTOTYPES = YES;
				CLANG_WARN_SUSPICIOUS_MOVE = YES;
				CLANG_WARN_UNGUARDED_AVAILABILITY = YES_AGGRESSIVE;
				CLANG_WARN_UNREACHABLE_CODE = YES;
				CLANG_WARN__DUPLICATE_METHOD_MATCH = YES;
				COPY_PHASE_STRIP = NO;
				DEBUG_INFORMATION_FORMAT = dwarf;
				ENABLE_STRICT_OBJC_MSGSEND = YES;
				ENABLE_TESTABILITY = YES;
				GCC_C_LANGUAGE_STANDARD = gnu11;
				GCC_DYNAMIC_NO_PIC = NO;
				GCC_NO_COMMON_BLOCKS = YES;
				GCC_OPTIMIZATION_LEVEL = 0;
				GCC_PREPROCESSOR_DEFINITIONS = (
					"DEBUG=1",
					"$(inherited)",
				);
				GCC_WARN_64_TO_32_BIT_CONVERSION = YES;
				GCC_WARN_ABOUT_RETURN_TYPE = YES_ERROR;
				GCC_WARN_UNDECLARED_SELECTOR = YES;
				GCC_WARN_UNINITIALIZED_AUTOS = YES_AGGRESSIVE;
				GCC_WARN_UNUSED_FUNCTION = YES;
				GCC_WARN_UNUSED_VARIABLE = YES;
				IPHONEOS_DEPLOYMENT_TARGET = 16.2;
				MTL_ENABLE_DEBUG_INFO = INCLUDE_SOURCE;
				MTL_FAST_MATH = YES;
				ONLY_ACTIVE_ARCH = YES;
				SDKROOT = iphoneos;
				SWIFT_ACTIVE_COMPILATION_CONDITIONS = DEBUG;
				SWIFT_OPTIMIZATION_LEVEL = "-Onone";
			};
			name = Debug;
		};
		D0751AEE29E4267700308E45 /* Release */ = {
			isa = XCBuildConfiguration;
			buildSettings = {
				ALWAYS_SEARCH_USER_PATHS = NO;
				CLANG_ANALYZER_NONNULL = YES;
				CLANG_ANALYZER_NUMBER_OBJECT_CONVERSION = YES_AGGRESSIVE;
				CLANG_CXX_LANGUAGE_STANDARD = "gnu++20";
				CLANG_ENABLE_MODULES = YES;
				CLANG_ENABLE_OBJC_ARC = YES;
				CLANG_ENABLE_OBJC_WEAK = YES;
				CLANG_WARN_BLOCK_CAPTURE_AUTORELEASING = YES;
				CLANG_WARN_BOOL_CONVERSION = YES;
				CLANG_WARN_COMMA = YES;
				CLANG_WARN_CONSTANT_CONVERSION = YES;
				CLANG_WARN_DEPRECATED_OBJC_IMPLEMENTATIONS = YES;
				CLANG_WARN_DIRECT_OBJC_ISA_USAGE = YES_ERROR;
				CLANG_WARN_DOCUMENTATION_COMMENTS = YES;
				CLANG_WARN_EMPTY_BODY = YES;
				CLANG_WARN_ENUM_CONVERSION = YES;
				CLANG_WARN_INFINITE_RECURSION = YES;
				CLANG_WARN_INT_CONVERSION = YES;
				CLANG_WARN_NON_LITERAL_NULL_CONVERSION = YES;
				CLANG_WARN_OBJC_IMPLICIT_RETAIN_SELF = YES;
				CLANG_WARN_OBJC_LITERAL_CONVERSION = YES;
				CLANG_WARN_OBJC_ROOT_CLASS = YES_ERROR;
				CLANG_WARN_QUOTED_INCLUDE_IN_FRAMEWORK_HEADER = YES;
				CLANG_WARN_RANGE_LOOP_ANALYSIS = YES;
				CLANG_WARN_STRICT_PROTOTYPES = YES;
				CLANG_WARN_SUSPICIOUS_MOVE = YES;
				CLANG_WARN_UNGUARDED_AVAILABILITY = YES_AGGRESSIVE;
				CLANG_WARN_UNREACHABLE_CODE = YES;
				CLANG_WARN__DUPLICATE_METHOD_MATCH = YES;
				COPY_PHASE_STRIP = NO;
				DEBUG_INFORMATION_FORMAT = "dwarf-with-dsym";
				ENABLE_NS_ASSERTIONS = NO;
				ENABLE_STRICT_OBJC_MSGSEND = YES;
				GCC_C_LANGUAGE_STANDARD = gnu11;
				GCC_NO_COMMON_BLOCKS = YES;
				GCC_WARN_64_TO_32_BIT_CONVERSION = YES;
				GCC_WARN_ABOUT_RETURN_TYPE = YES_ERROR;
				GCC_WARN_UNDECLARED_SELECTOR = YES;
				GCC_WARN_UNINITIALIZED_AUTOS = YES_AGGRESSIVE;
				GCC_WARN_UNUSED_FUNCTION = YES;
				GCC_WARN_UNUSED_VARIABLE = YES;
				IPHONEOS_DEPLOYMENT_TARGET = 16.2;
				MTL_ENABLE_DEBUG_INFO = NO;
				MTL_FAST_MATH = YES;
				SDKROOT = iphoneos;
				SWIFT_COMPILATION_MODE = wholemodule;
				SWIFT_OPTIMIZATION_LEVEL = "-O";
				VALIDATE_PRODUCT = YES;
			};
			name = Release;
		};
		D0751AF029E4267700308E45 /* Debug */ = {
			isa = XCBuildConfiguration;
			buildSettings = {
				ASSETCATALOG_COMPILER_APPICON_NAME = AppIcon;
				ASSETCATALOG_COMPILER_GLOBAL_ACCENT_COLOR_NAME = AccentColor;
				CODE_SIGN_STYLE = Automatic;
				CURRENT_PROJECT_VERSION = 1;
				DEVELOPMENT_TEAM = 56K423922J;
				GENERATE_INFOPLIST_FILE = YES;
				INFOPLIST_FILE = "Articula Inc Task/Info.plist";
				INFOPLIST_KEY_UIApplicationSupportsIndirectInputEvents = YES;
				INFOPLIST_KEY_UILaunchStoryboardName = LaunchScreen;
				INFOPLIST_KEY_UISupportedInterfaceOrientations_iPad = "UIInterfaceOrientationPortrait UIInterfaceOrientationPortraitUpsideDown UIInterfaceOrientationLandscapeLeft UIInterfaceOrientationLandscapeRight";
				INFOPLIST_KEY_UISupportedInterfaceOrientations_iPhone = "UIInterfaceOrientationPortrait UIInterfaceOrientationLandscapeLeft UIInterfaceOrientationLandscapeRight";
				INFOPLIST_KEY_UIUserInterfaceStyle = Light;
				LD_RUNPATH_SEARCH_PATHS = (
					"$(inherited)",
					"@executable_path/Frameworks",
				);
				MARKETING_VERSION = 1.0;
				PRODUCT_BUNDLE_IDENTIFIER = "com.articula.app.Articula-Inc-Task";
				PRODUCT_NAME = "$(TARGET_NAME)";
				SWIFT_EMIT_LOC_STRINGS = YES;
				SWIFT_VERSION = 5.0;
				TARGETED_DEVICE_FAMILY = "1,2";
			};
			name = Debug;
		};
		D0751AF129E4267700308E45 /* Release */ = {
			isa = XCBuildConfiguration;
			buildSettings = {
				ASSETCATALOG_COMPILER_APPICON_NAME = AppIcon;
				ASSETCATALOG_COMPILER_GLOBAL_ACCENT_COLOR_NAME = AccentColor;
				CODE_SIGN_STYLE = Automatic;
				CURRENT_PROJECT_VERSION = 1;
				DEVELOPMENT_TEAM = 56K423922J;
				GENERATE_INFOPLIST_FILE = YES;
				INFOPLIST_FILE = "Articula Inc Task/Info.plist";
				INFOPLIST_KEY_UIApplicationSupportsIndirectInputEvents = YES;
				INFOPLIST_KEY_UILaunchStoryboardName = LaunchScreen;
				INFOPLIST_KEY_UISupportedInterfaceOrientations_iPad = "UIInterfaceOrientationPortrait UIInterfaceOrientationPortraitUpsideDown UIInterfaceOrientationLandscapeLeft UIInterfaceOrientationLandscapeRight";
				INFOPLIST_KEY_UISupportedInterfaceOrientations_iPhone = "UIInterfaceOrientationPortrait UIInterfaceOrientationLandscapeLeft UIInterfaceOrientationLandscapeRight";
				INFOPLIST_KEY_UIUserInterfaceStyle = Light;
				LD_RUNPATH_SEARCH_PATHS = (
					"$(inherited)",
					"@executable_path/Frameworks",
				);
				MARKETING_VERSION = 1.0;
				PRODUCT_BUNDLE_IDENTIFIER = "com.articula.app.Articula-Inc-Task";
				PRODUCT_NAME = "$(TARGET_NAME)";
				SWIFT_EMIT_LOC_STRINGS = YES;
				SWIFT_VERSION = 5.0;
				TARGETED_DEVICE_FAMILY = "1,2";
			};
			name = Release;
		};
/* End XCBuildConfiguration section */

/* Begin XCConfigurationList section */
		D0751AD629E4267100308E45 /* Build configuration list for PBXProject "Articula Inc Task" */ = {
			isa = XCConfigurationList;
			buildConfigurations = (
				D0751AED29E4267700308E45 /* Debug */,
				D0751AEE29E4267700308E45 /* Release */,
			);
			defaultConfigurationIsVisible = 0;
			defaultConfigurationName = Release;
		};
		D0751AEF29E4267700308E45 /* Build configuration list for PBXNativeTarget "Articula Inc Task" */ = {
			isa = XCConfigurationList;
			buildConfigurations = (
				D0751AF029E4267700308E45 /* Debug */,
				D0751AF129E4267700308E45 /* Release */,
			);
			defaultConfigurationIsVisible = 0;
			defaultConfigurationName = Release;
		};
/* End XCConfigurationList section */

/* Begin XCRemoteSwiftPackageReference section */
		D032DD1629E5AA57003FF9E8 /* XCRemoteSwiftPackageReference "Kingfisher" */ = {
			isa = XCRemoteSwiftPackageReference;
			repositoryURL = "https://github.com/onevcat/Kingfisher";
			requirement = {
				branch = master;
				kind = branch;
			};
		};
		D0751AF229E4290900308E45 /* XCRemoteSwiftPackageReference "AgoraAudio_iOS" */ = {
			isa = XCRemoteSwiftPackageReference;
			repositoryURL = "https://github.com/AgoraIO/AgoraAudio_iOS";
			requirement = {
				branch = main;
				kind = branch;
			};
		};
		D0751B1329E4CDC300308E45 /* XCRemoteSwiftPackageReference "AgoraChat_iOS" */ = {
			isa = XCRemoteSwiftPackageReference;
			repositoryURL = "https://github.com/AgoraIO/AgoraChat_iOS.git";
			requirement = {
				kind = upToNextMajorVersion;
				minimumVersion = 1.0.0;
			};
		};
		D0798DBB29E638BF0033ADD3 /* XCRemoteSwiftPackageReference "firebase-ios-sdk" */ = {
			isa = XCRemoteSwiftPackageReference;
			repositoryURL = "https://github.com/firebase/firebase-ios-sdk";
			requirement = {
				branch = master;
				kind = branch;
			};
		};
		D0F140BF29E576E2008C6BF8 /* XCRemoteSwiftPackageReference "JGProgressHUD" */ = {
			isa = XCRemoteSwiftPackageReference;
			repositoryURL = "https://github.com/JonasGessner/JGProgressHUD";
			requirement = {
				branch = master;
				kind = branch;
			};
		};
/* End XCRemoteSwiftPackageReference section */

/* Begin XCSwiftPackageProductDependency section */
		D032DD1729E5AA57003FF9E8 /* Kingfisher */ = {
			isa = XCSwiftPackageProductDependency;
			package = D032DD1629E5AA57003FF9E8 /* XCRemoteSwiftPackageReference "Kingfisher" */;
			productName = Kingfisher;
		};
		D0751AF329E4290900308E45 /* AIAEC */ = {
			isa = XCSwiftPackageProductDependency;
			package = D0751AF229E4290900308E45 /* XCRemoteSwiftPackageReference "AgoraAudio_iOS" */;
			productName = AIAEC;
		};
		D0751AF529E4290900308E45 /* AINS */ = {
			isa = XCSwiftPackageProductDependency;
			package = D0751AF229E4290900308E45 /* XCRemoteSwiftPackageReference "AgoraAudio_iOS" */;
			productName = AINS;
		};
		D0751AF729E4290900308E45 /* AudioBeauty */ = {
			isa = XCSwiftPackageProductDependency;
			package = D0751AF229E4290900308E45 /* XCRemoteSwiftPackageReference "AgoraAudio_iOS" */;
			productName = AudioBeauty;
		};
		D0751AF929E4290900308E45 /* DRM */ = {
			isa = XCSwiftPackageProductDependency;
			package = D0751AF229E4290900308E45 /* XCRemoteSwiftPackageReference "AgoraAudio_iOS" */;
			productName = DRM;
		};
		D0751AFB29E4290900308E45 /* RtcBasic */ = {
			isa = XCSwiftPackageProductDependency;
			package = D0751AF229E4290900308E45 /* XCRemoteSwiftPackageReference "AgoraAudio_iOS" */;
			productName = RtcBasic;
		};
		D0751AFD29E4290900308E45 /* SpatialAudio */ = {
			isa = XCSwiftPackageProductDependency;
			package = D0751AF229E4290900308E45 /* XCRemoteSwiftPackageReference "AgoraAudio_iOS" */;
			productName = SpatialAudio;
		};
		D0751B1429E4CDC300308E45 /* AgoraChat */ = {
			isa = XCSwiftPackageProductDependency;
			package = D0751B1329E4CDC300308E45 /* XCRemoteSwiftPackageReference "AgoraChat_iOS" */;
			productName = AgoraChat;
		};
		D0798DBC29E638BF0033ADD3 /* FirebaseAuth */ = {
			isa = XCSwiftPackageProductDependency;
			package = D0798DBB29E638BF0033ADD3 /* XCRemoteSwiftPackageReference "firebase-ios-sdk" */;
			productName = FirebaseAuth;
		};
		D0798DBE29E638BF0033ADD3 /* FirebaseFirestore */ = {
			isa = XCSwiftPackageProductDependency;
			package = D0798DBB29E638BF0033ADD3 /* XCRemoteSwiftPackageReference "firebase-ios-sdk" */;
			productName = FirebaseFirestore;
		};
		D0798DC029E638BF0033ADD3 /* FirebaseStorage */ = {
			isa = XCSwiftPackageProductDependency;
			package = D0798DBB29E638BF0033ADD3 /* XCRemoteSwiftPackageReference "firebase-ios-sdk" */;
			productName = FirebaseStorage;
		};
		D0F140C029E576E2008C6BF8 /* JGProgressHUD */ = {
			isa = XCSwiftPackageProductDependency;
			package = D0F140BF29E576E2008C6BF8 /* XCRemoteSwiftPackageReference "JGProgressHUD" */;
			productName = JGProgressHUD;
		};
/* End XCSwiftPackageProductDependency section */
	};
	rootObject = D0751AD329E4267100308E45 /* Project object */;
}
